// !$*UTF8*$!
{
	archiveVersion = 1;
	classes = {
	};
	objectVersion = 56;
	objects = {

/* Begin PBXBuildFile section */
		013AE3E02BCD201600637712 /* SignupModelValidatorProtocol.swift in Sources */ = {isa = PBXBuildFile; fileRef = 013AE3DF2BCD201600637712 /* SignupModelValidatorProtocol.swift */; };
		013AE3E82BCD303700637712 /* MockSignupWebService.swift in Sources */ = {isa = PBXBuildFile; fileRef = 013AE3E72BCD303700637712 /* MockSignupWebService.swift */; };
		013D5F3F2BECBEAE00464E81 /* MockSignupPresenter.swift in Sources */ = {isa = PBXBuildFile; fileRef = 013D5F3E2BECBEAE00464E81 /* MockSignupPresenter.swift */; };
		013D5F412BECC0C300464E81 /* SignupPresenterProtocol.swift in Sources */ = {isa = PBXBuildFile; fileRef = 013D5F402BECC0C300464E81 /* SignupPresenterProtocol.swift */; };
		013D5F452BECD3E600464E81 /* LoadingStoryboard.storyboard in Resources */ = {isa = PBXBuildFile; fileRef = 013D5F442BECD3E600464E81 /* LoadingStoryboard.storyboard */; };
		013D5F472BECD40F00464E81 /* LoadingViewController.swift in Sources */ = {isa = PBXBuildFile; fileRef = 013D5F462BECD40F00464E81 /* LoadingViewController.swift */; };
		013D5F4A2BECD47C00464E81 /* LoadingViewControllerInUnitTestTests.swift in Sources */ = {isa = PBXBuildFile; fileRef = 013D5F492BECD47C00464E81 /* LoadingViewControllerInUnitTestTests.swift */; };
		014BB5D42BEE148E004CF9AC /* XiBBViewController.swift in Sources */ = {isa = PBXBuildFile; fileRef = 014BB5D22BEE148E004CF9AC /* XiBBViewController.swift */; };
		014BB5D52BEE148E004CF9AC /* XiBBViewController.xib in Resources */ = {isa = PBXBuildFile; fileRef = 014BB5D32BEE148E004CF9AC /* XiBBViewController.xib */; };
		014BB5D72BEE1509004CF9AC /* WithXIBViewControllerInUnitTestTests.swift in Sources */ = {isa = PBXBuildFile; fileRef = 014BB5D62BEE1509004CF9AC /* WithXIBViewControllerInUnitTestTests.swift */; };
		014BB5D92BEE169B004CF9AC /* HomepageViewController.swift in Sources */ = {isa = PBXBuildFile; fileRef = 014BB5D82BEE169B004CF9AC /* HomepageViewController.swift */; };
		014BB5DB2BEE1741004CF9AC /* HomePageControllerInUnitTestTests.swift in Sources */ = {isa = PBXBuildFile; fileRef = 014BB5DA2BEE1741004CF9AC /* HomePageControllerInUnitTestTests.swift */; };
		014BB5DE2BEE193C004CF9AC /* LoginValidator.swift in Sources */ = {isa = PBXBuildFile; fileRef = 014BB5DD2BEE193C004CF9AC /* LoginValidator.swift */; };
		014BB5E12BEE1B64004CF9AC /* LoginWithThrowErrorUnitTestTests.swift in Sources */ = {isa = PBXBuildFile; fileRef = 014BB5E02BEE1B64004CF9AC /* LoginWithThrowErrorUnitTestTests.swift */; };
		015C0F8D2BCE7952008850AA /* SignupWebServiceProtocol.swift in Sources */ = {isa = PBXBuildFile; fileRef = 015C0F8C2BCE7952008850AA /* SignupWebServiceProtocol.swift */; };
		0195FBE82BD11C6D00AD0C7A /* MockSignupViewDelegate.swift in Sources */ = {isa = PBXBuildFile; fileRef = 0195FBE72BD11C6D00AD0C7A /* MockSignupViewDelegate.swift */; };
		0195FBEA2BD11E7F00AD0C7A /* SignupViewDelegategateProtocol.swift in Sources */ = {isa = PBXBuildFile; fileRef = 0195FBE92BD11E7F00AD0C7A /* SignupViewDelegategateProtocol.swift */; };
		019D180F2BB2C32000016E8C /* AppDelegate.swift in Sources */ = {isa = PBXBuildFile; fileRef = 019D180E2BB2C32000016E8C /* AppDelegate.swift */; };
		019D18112BB2C32000016E8C /* SceneDelegate.swift in Sources */ = {isa = PBXBuildFile; fileRef = 019D18102BB2C32000016E8C /* SceneDelegate.swift */; };
		019D18162BB2C32000016E8C /* Base in Resources */ = {isa = PBXBuildFile; fileRef = 019D18152BB2C32000016E8C /* Base */; };
		019D18182BB2C32100016E8C /* Assets.xcassets in Resources */ = {isa = PBXBuildFile; fileRef = 019D18172BB2C32100016E8C /* Assets.xcassets */; };
		019D181B2BB2C32100016E8C /* Base in Resources */ = {isa = PBXBuildFile; fileRef = 019D181A2BB2C32100016E8C /* Base */; };
		019D18262BB2C32100016E8C /* LearnTestTests.swift in Sources */ = {isa = PBXBuildFile; fileRef = 019D18252BB2C32100016E8C /* LearnTestTests.swift */; };
		019D18302BB2C32100016E8C /* LearnTestUITests.swift in Sources */ = {isa = PBXBuildFile; fileRef = 019D182F2BB2C32100016E8C /* LearnTestUITests.swift */; };
		019D18322BB2C32100016E8C /* LearnTestUITestsLaunchTests.swift in Sources */ = {isa = PBXBuildFile; fileRef = 019D18312BB2C32100016E8C /* LearnTestUITestsLaunchTests.swift */; };
		019D183F2BB2C3CC00016E8C /* SignUpFromModelValidator.swift in Sources */ = {isa = PBXBuildFile; fileRef = 019D183E2BB2C3CC00016E8C /* SignUpFromModelValidator.swift */; };
		019D18412BB2C4B200016E8C /* SignUpFromModelValidatorTests.swift in Sources */ = {isa = PBXBuildFile; fileRef = 019D18402BB2C4B200016E8C /* SignUpFromModelValidatorTests.swift */; };
		01A2245D2BEB727F0031E582 /* SignupViewControllerTests.swift in Sources */ = {isa = PBXBuildFile; fileRef = 01A2245C2BEB727F0031E582 /* SignupViewControllerTests.swift */; };
		01A2245F2BEB748F0031E582 /* SignupViewController.swift in Sources */ = {isa = PBXBuildFile; fileRef = 01A2245E2BEB748F0031E582 /* SignupViewController.swift */; };
		01A60FD52BB56C6300ED4E23 /* SignupWebServiceTests.swift in Sources */ = {isa = PBXBuildFile; fileRef = 01A60FD42BB56C6300ED4E23 /* SignupWebServiceTests.swift */; };
		01A60FD72BB56D2F00ED4E23 /* SignupWebService.swift in Sources */ = {isa = PBXBuildFile; fileRef = 01A60FD62BB56D2F00ED4E23 /* SignupWebService.swift */; };
		01A60FD92BB56EB500ED4E23 /* SignupModel.swift in Sources */ = {isa = PBXBuildFile; fileRef = 01A60FD82BB56EB500ED4E23 /* SignupModel.swift */; };
		01B27D442BF747F000683DCA /* TestingUITextFieldProperties.swift in Sources */ = {isa = PBXBuildFile; fileRef = 01B27D432BF747F000683DCA /* TestingUITextFieldProperties.swift */; };
		01C245882BBBF83000E9FE71 /* MockURLProtocol.swift in Sources */ = {isa = PBXBuildFile; fileRef = 01C245872BBBF83000E9FE71 /* MockURLProtocol.swift */; };
		01C26A062BC92FE800517F42 /* SignupPresenterTests.swift in Sources */ = {isa = PBXBuildFile; fileRef = 01C26A052BC92FE800517F42 /* SignupPresenterTests.swift */; };
		01C26A0B2BC9349D00517F42 /* SignupPresenter.swift in Sources */ = {isa = PBXBuildFile; fileRef = 01C26A0A2BC9349D00517F42 /* SignupPresenter.swift */; };
		01C26A0E2BC9367400517F42 /* MockSignupModelValidator.swift in Sources */ = {isa = PBXBuildFile; fileRef = 01C26A0D2BC9367400517F42 /* MockSignupModelValidator.swift */; };
/* End PBXBuildFile section */

/* Begin PBXContainerItemProxy section */
		019D18222BB2C32100016E8C /* PBXContainerItemProxy */ = {
			isa = PBXContainerItemProxy;
			containerPortal = 019D18032BB2C32000016E8C /* Project object */;
			proxyType = 1;
			remoteGlobalIDString = 019D180A2BB2C32000016E8C;
			remoteInfo = LearnTest;
		};
		019D182C2BB2C32100016E8C /* PBXContainerItemProxy */ = {
			isa = PBXContainerItemProxy;
			containerPortal = 019D18032BB2C32000016E8C /* Project object */;
			proxyType = 1;
			remoteGlobalIDString = 019D180A2BB2C32000016E8C;
			remoteInfo = LearnTest;
		};
/* End PBXContainerItemProxy section */

/* Begin PBXFileReference section */
		013AE3DF2BCD201600637712 /* SignupModelValidatorProtocol.swift */ = {isa = PBXFileReference; lastKnownFileType = sourcecode.swift; path = SignupModelValidatorProtocol.swift; sourceTree = "<group>"; };
		013AE3E72BCD303700637712 /* MockSignupWebService.swift */ = {isa = PBXFileReference; lastKnownFileType = sourcecode.swift; path = MockSignupWebService.swift; sourceTree = "<group>"; };
		013D5F3E2BECBEAE00464E81 /* MockSignupPresenter.swift */ = {isa = PBXFileReference; lastKnownFileType = sourcecode.swift; path = MockSignupPresenter.swift; sourceTree = "<group>"; };
		013D5F402BECC0C300464E81 /* SignupPresenterProtocol.swift */ = {isa = PBXFileReference; lastKnownFileType = sourcecode.swift; path = SignupPresenterProtocol.swift; sourceTree = "<group>"; };
		013D5F442BECD3E600464E81 /* LoadingStoryboard.storyboard */ = {isa = PBXFileReference; lastKnownFileType = file.storyboard; path = LoadingStoryboard.storyboard; sourceTree = "<group>"; };
		013D5F462BECD40F00464E81 /* LoadingViewController.swift */ = {isa = PBXFileReference; lastKnownFileType = sourcecode.swift; path = LoadingViewController.swift; sourceTree = "<group>"; };
		013D5F492BECD47C00464E81 /* LoadingViewControllerInUnitTestTests.swift */ = {isa = PBXFileReference; lastKnownFileType = sourcecode.swift; path = LoadingViewControllerInUnitTestTests.swift; sourceTree = "<group>"; };
		014BB5D22BEE148E004CF9AC /* XiBBViewController.swift */ = {isa = PBXFileReference; lastKnownFileType = sourcecode.swift; path = XiBBViewController.swift; sourceTree = "<group>"; };
		014BB5D32BEE148E004CF9AC /* XiBBViewController.xib */ = {isa = PBXFileReference; lastKnownFileType = file.xib; path = XiBBViewController.xib; sourceTree = "<group>"; };
		014BB5D62BEE1509004CF9AC /* WithXIBViewControllerInUnitTestTests.swift */ = {isa = PBXFileReference; lastKnownFileType = sourcecode.swift; path = WithXIBViewControllerInUnitTestTests.swift; sourceTree = "<group>"; };
		014BB5D82BEE169B004CF9AC /* HomepageViewController.swift */ = {isa = PBXFileReference; lastKnownFileType = sourcecode.swift; path = HomepageViewController.swift; sourceTree = "<group>"; };
		014BB5DA2BEE1741004CF9AC /* HomePageControllerInUnitTestTests.swift */ = {isa = PBXFileReference; lastKnownFileType = sourcecode.swift; path = HomePageControllerInUnitTestTests.swift; sourceTree = "<group>"; };
		014BB5DD2BEE193C004CF9AC /* LoginValidator.swift */ = {isa = PBXFileReference; lastKnownFileType = sourcecode.swift; path = LoginValidator.swift; sourceTree = "<group>"; };
		014BB5E02BEE1B64004CF9AC /* LoginWithThrowErrorUnitTestTests.swift */ = {isa = PBXFileReference; lastKnownFileType = sourcecode.swift; path = LoginWithThrowErrorUnitTestTests.swift; sourceTree = "<group>"; };
		015C0F8C2BCE7952008850AA /* SignupWebServiceProtocol.swift */ = {isa = PBXFileReference; lastKnownFileType = sourcecode.swift; path = SignupWebServiceProtocol.swift; sourceTree = "<group>"; };
		0195FBE72BD11C6D00AD0C7A /* MockSignupViewDelegate.swift */ = {isa = PBXFileReference; lastKnownFileType = sourcecode.swift; path = MockSignupViewDelegate.swift; sourceTree = "<group>"; };
		0195FBE92BD11E7F00AD0C7A /* SignupViewDelegategateProtocol.swift */ = {isa = PBXFileReference; lastKnownFileType = sourcecode.swift; path = SignupViewDelegategateProtocol.swift; sourceTree = "<group>"; };
		019D180B2BB2C32000016E8C /* LearnTest.app */ = {isa = PBXFileReference; explicitFileType = wrapper.application; includeInIndex = 0; path = LearnTest.app; sourceTree = BUILT_PRODUCTS_DIR; };
		019D180E2BB2C32000016E8C /* AppDelegate.swift */ = {isa = PBXFileReference; lastKnownFileType = sourcecode.swift; path = AppDelegate.swift; sourceTree = "<group>"; };
		019D18102BB2C32000016E8C /* SceneDelegate.swift */ = {isa = PBXFileReference; lastKnownFileType = sourcecode.swift; path = SceneDelegate.swift; sourceTree = "<group>"; };
		019D18152BB2C32000016E8C /* Base */ = {isa = PBXFileReference; lastKnownFileType = file.storyboard; name = Base; path = Base.lproj/Main.storyboard; sourceTree = "<group>"; };
		019D18172BB2C32100016E8C /* Assets.xcassets */ = {isa = PBXFileReference; lastKnownFileType = folder.assetcatalog; path = Assets.xcassets; sourceTree = "<group>"; };
		019D181A2BB2C32100016E8C /* Base */ = {isa = PBXFileReference; lastKnownFileType = file.storyboard; name = Base; path = Base.lproj/LaunchScreen.storyboard; sourceTree = "<group>"; };
		019D181C2BB2C32100016E8C /* Info.plist */ = {isa = PBXFileReference; lastKnownFileType = text.plist.xml; path = Info.plist; sourceTree = "<group>"; };
		019D18212BB2C32100016E8C /* LearnTestTests.xctest */ = {isa = PBXFileReference; explicitFileType = wrapper.cfbundle; includeInIndex = 0; path = LearnTestTests.xctest; sourceTree = BUILT_PRODUCTS_DIR; };
		019D18252BB2C32100016E8C /* LearnTestTests.swift */ = {isa = PBXFileReference; lastKnownFileType = sourcecode.swift; path = LearnTestTests.swift; sourceTree = "<group>"; };
		019D182B2BB2C32100016E8C /* LearnTestUITests.xctest */ = {isa = PBXFileReference; explicitFileType = wrapper.cfbundle; includeInIndex = 0; path = LearnTestUITests.xctest; sourceTree = BUILT_PRODUCTS_DIR; };
		019D182F2BB2C32100016E8C /* LearnTestUITests.swift */ = {isa = PBXFileReference; lastKnownFileType = sourcecode.swift; path = LearnTestUITests.swift; sourceTree = "<group>"; };
		019D18312BB2C32100016E8C /* LearnTestUITestsLaunchTests.swift */ = {isa = PBXFileReference; lastKnownFileType = sourcecode.swift; path = LearnTestUITestsLaunchTests.swift; sourceTree = "<group>"; };
		019D183E2BB2C3CC00016E8C /* SignUpFromModelValidator.swift */ = {isa = PBXFileReference; lastKnownFileType = sourcecode.swift; path = SignUpFromModelValidator.swift; sourceTree = "<group>"; };
		019D18402BB2C4B200016E8C /* SignUpFromModelValidatorTests.swift */ = {isa = PBXFileReference; lastKnownFileType = sourcecode.swift; path = SignUpFromModelValidatorTests.swift; sourceTree = "<group>"; };
		01A2245C2BEB727F0031E582 /* SignupViewControllerTests.swift */ = {isa = PBXFileReference; lastKnownFileType = sourcecode.swift; path = SignupViewControllerTests.swift; sourceTree = "<group>"; };
		01A2245E2BEB748F0031E582 /* SignupViewController.swift */ = {isa = PBXFileReference; lastKnownFileType = sourcecode.swift; path = SignupViewController.swift; sourceTree = "<group>"; };
		01A60FD42BB56C6300ED4E23 /* SignupWebServiceTests.swift */ = {isa = PBXFileReference; lastKnownFileType = sourcecode.swift; path = SignupWebServiceTests.swift; sourceTree = "<group>"; };
		01A60FD62BB56D2F00ED4E23 /* SignupWebService.swift */ = {isa = PBXFileReference; lastKnownFileType = sourcecode.swift; path = SignupWebService.swift; sourceTree = "<group>"; };
		01A60FD82BB56EB500ED4E23 /* SignupModel.swift */ = {isa = PBXFileReference; lastKnownFileType = sourcecode.swift; path = SignupModel.swift; sourceTree = "<group>"; };
		01B27D432BF747F000683DCA /* TestingUITextFieldProperties.swift */ = {isa = PBXFileReference; lastKnownFileType = sourcecode.swift; path = TestingUITextFieldProperties.swift; sourceTree = "<group>"; };
		01C245872BBBF83000E9FE71 /* MockURLProtocol.swift */ = {isa = PBXFileReference; lastKnownFileType = sourcecode.swift; path = MockURLProtocol.swift; sourceTree = "<group>"; };
		01C26A052BC92FE800517F42 /* SignupPresenterTests.swift */ = {isa = PBXFileReference; lastKnownFileType = sourcecode.swift; path = SignupPresenterTests.swift; sourceTree = "<group>"; };
		01C26A0A2BC9349D00517F42 /* SignupPresenter.swift */ = {isa = PBXFileReference; lastKnownFileType = sourcecode.swift; path = SignupPresenter.swift; sourceTree = "<group>"; };
		01C26A0D2BC9367400517F42 /* MockSignupModelValidator.swift */ = {isa = PBXFileReference; lastKnownFileType = sourcecode.swift; path = MockSignupModelValidator.swift; sourceTree = "<group>"; };
/* End PBXFileReference section */

/* Begin PBXFrameworksBuildPhase section */
		019D18082BB2C32000016E8C /* Frameworks */ = {
			isa = PBXFrameworksBuildPhase;
			buildActionMask = 2147483647;
			files = (
			);
			runOnlyForDeploymentPostprocessing = 0;
		};
		019D181E2BB2C32100016E8C /* Frameworks */ = {
			isa = PBXFrameworksBuildPhase;
			buildActionMask = 2147483647;
			files = (
			);
			runOnlyForDeploymentPostprocessing = 0;
		};
		019D18282BB2C32100016E8C /* Frameworks */ = {
			isa = PBXFrameworksBuildPhase;
			buildActionMask = 2147483647;
			files = (
			);
			runOnlyForDeploymentPostprocessing = 0;
		};
/* End PBXFrameworksBuildPhase section */

/* Begin PBXGroup section */
		013AE3E32BCD2D5F00637712 /* Presenters */ = {
			isa = PBXGroup;
			children = (
				01C26A0A2BC9349D00517F42 /* SignupPresenter.swift */,
			);
			path = Presenters;
			sourceTree = "<group>";
		};
		013AE3E42BCD2DA800637712 /* Protocols */ = {
			isa = PBXGroup;
			children = (
				013AE3DF2BCD201600637712 /* SignupModelValidatorProtocol.swift */,
				015C0F8C2BCE7952008850AA /* SignupWebServiceProtocol.swift */,
				0195FBE92BD11E7F00AD0C7A /* SignupViewDelegategateProtocol.swift */,
				013D5F402BECC0C300464E81 /* SignupPresenterProtocol.swift */,
			);
			path = Protocols;
			sourceTree = "<group>";
		};
		013AE3E52BCD2DDE00637712 /* Presenters */ = {
			isa = PBXGroup;
			children = (
				01C26A052BC92FE800517F42 /* SignupPresenterTests.swift */,
			);
			path = Presenters;
			sourceTree = "<group>";
		};
		013AE3E62BCD2E1400637712 /* Mocks */ = {
			isa = PBXGroup;
			children = (
				01C245872BBBF83000E9FE71 /* MockURLProtocol.swift */,
				01C26A0D2BC9367400517F42 /* MockSignupModelValidator.swift */,
				013AE3E72BCD303700637712 /* MockSignupWebService.swift */,
				0195FBE72BD11C6D00AD0C7A /* MockSignupViewDelegate.swift */,
				013D5F3E2BECBEAE00464E81 /* MockSignupPresenter.swift */,
			);
			path = Mocks;
			sourceTree = "<group>";
		};
		013D5F422BECD3B300464E81 /* Loading */ = {
			isa = PBXGroup;
			children = (
				013D5F432BECD3C000464E81 /* View */,
			);
			path = Loading;
			sourceTree = "<group>";
		};
		013D5F432BECD3C000464E81 /* View */ = {
			isa = PBXGroup;
			children = (
				013D5F462BECD40F00464E81 /* LoadingViewController.swift */,
				013D5F442BECD3E600464E81 /* LoadingStoryboard.storyboard */,
				014BB5D22BEE148E004CF9AC /* XiBBViewController.swift */,
				014BB5D32BEE148E004CF9AC /* XiBBViewController.xib */,
				014BB5D82BEE169B004CF9AC /* HomepageViewController.swift */,
			);
			path = View;
			sourceTree = "<group>";
		};
		013D5F482BECD44C00464E81 /* Loading */ = {
			isa = PBXGroup;
			children = (
				013D5F492BECD47C00464E81 /* LoadingViewControllerInUnitTestTests.swift */,
				014BB5D62BEE1509004CF9AC /* WithXIBViewControllerInUnitTestTests.swift */,
				014BB5DA2BEE1741004CF9AC /* HomePageControllerInUnitTestTests.swift */,
			);
			path = Loading;
			sourceTree = "<group>";
		};
		014BB5DC2BEE18E4004CF9AC /* ThrowError */ = {
			isa = PBXGroup;
			children = (
				014BB5DD2BEE193C004CF9AC /* LoginValidator.swift */,
			);
			path = ThrowError;
			sourceTree = "<group>";
		};
		014BB5DF2BEE1B34004CF9AC /* ThrowErrorTest */ = {
			isa = PBXGroup;
			children = (
				014BB5E02BEE1B64004CF9AC /* LoginWithThrowErrorUnitTestTests.swift */,
			);
			path = ThrowErrorTest;
			sourceTree = "<group>";
		};
		019D18022BB2C32000016E8C = {
			isa = PBXGroup;
			children = (
				019D180D2BB2C32000016E8C /* LearnTest */,
				019D18242BB2C32100016E8C /* LearnTestTests */,
				019D182E2BB2C32100016E8C /* LearnTestUITests */,
				019D180C2BB2C32000016E8C /* Products */,
			);
			sourceTree = "<group>";
		};
		019D180C2BB2C32000016E8C /* Products */ = {
			isa = PBXGroup;
			children = (
				019D180B2BB2C32000016E8C /* LearnTest.app */,
				019D18212BB2C32100016E8C /* LearnTestTests.xctest */,
				019D182B2BB2C32100016E8C /* LearnTestUITests.xctest */,
			);
			name = Products;
			sourceTree = "<group>";
		};
		019D180D2BB2C32000016E8C /* LearnTest */ = {
			isa = PBXGroup;
			children = (
				014BB5DC2BEE18E4004CF9AC /* ThrowError */,
				013D5F422BECD3B300464E81 /* Loading */,
				01C26A072BC9318B00517F42 /* Signup */,
				019D180E2BB2C32000016E8C /* AppDelegate.swift */,
				019D18102BB2C32000016E8C /* SceneDelegate.swift */,
				019D18142BB2C32000016E8C /* Main.storyboard */,
				019D18172BB2C32100016E8C /* Assets.xcassets */,
				019D18192BB2C32100016E8C /* LaunchScreen.storyboard */,
				019D181C2BB2C32100016E8C /* Info.plist */,
			);
			path = LearnTest;
			sourceTree = "<group>";
		};
		019D18242BB2C32100016E8C /* LearnTestTests */ = {
			isa = PBXGroup;
			children = (
				014BB5DF2BEE1B34004CF9AC /* ThrowErrorTest */,
				013D5F482BECD44C00464E81 /* Loading */,
				01A2245A2BEB72270031E582 /* Signup */,
				019D18402BB2C4B200016E8C /* SignUpFromModelValidatorTests.swift */,
				019D18252BB2C32100016E8C /* LearnTestTests.swift */,
			);
			path = LearnTestTests;
			sourceTree = "<group>";
		};
		019D182E2BB2C32100016E8C /* LearnTestUITests */ = {
			isa = PBXGroup;
			children = (
				019D182F2BB2C32100016E8C /* LearnTestUITests.swift */,
				019D18312BB2C32100016E8C /* LearnTestUITestsLaunchTests.swift */,
			);
			path = LearnTestUITests;
			sourceTree = "<group>";
		};
		01A2245A2BEB72270031E582 /* Signup */ = {
			isa = PBXGroup;
			children = (
				01A2245B2BEB72580031E582 /* Controllers */,
				013AE3E62BCD2E1400637712 /* Mocks */,
				013AE3E52BCD2DDE00637712 /* Presenters */,
				01C26A0C2BC9364100517F42 /* Model */,
				01C26A042BC92FA400517F42 /* NetWork */,
			);
			path = Signup;
			sourceTree = "<group>";
		};
		01A2245B2BEB72580031E582 /* Controllers */ = {
			isa = PBXGroup;
			children = (
				01A2245C2BEB727F0031E582 /* SignupViewControllerTests.swift */,
				01B27D432BF747F000683DCA /* TestingUITextFieldProperties.swift */,
			);
			path = Controllers;
			sourceTree = "<group>";
		};
		01C26A042BC92FA400517F42 /* NetWork */ = {
			isa = PBXGroup;
			children = (
				01A60FD42BB56C6300ED4E23 /* SignupWebServiceTests.swift */,
			);
			path = NetWork;
			sourceTree = "<group>";
		};
		01C26A072BC9318B00517F42 /* Signup */ = {
			isa = PBXGroup;
			children = (
				013AE3E42BCD2DA800637712 /* Protocols */,
				013AE3E32BCD2D5F00637712 /* Presenters */,
				01C26A092BC931B400517F42 /* NetWork */,
				01C26A082BC9319900517F42 /* Models */,
				01A2245E2BEB748F0031E582 /* SignupViewController.swift */,
			);
			path = Signup;
			sourceTree = "<group>";
		};
		01C26A082BC9319900517F42 /* Models */ = {
			isa = PBXGroup;
			children = (
				019D183E2BB2C3CC00016E8C /* SignUpFromModelValidator.swift */,
				01A60FD82BB56EB500ED4E23 /* SignupModel.swift */,
			);
			path = Models;
			sourceTree = "<group>";
		};
		01C26A092BC931B400517F42 /* NetWork */ = {
			isa = PBXGroup;
			children = (
				01A60FD62BB56D2F00ED4E23 /* SignupWebService.swift */,
			);
			path = NetWork;
			sourceTree = "<group>";
		};
		01C26A0C2BC9364100517F42 /* Model */ = {
			isa = PBXGroup;
			children = (
			);
			path = Model;
			sourceTree = "<group>";
		};
/* End PBXGroup section */

/* Begin PBXNativeTarget section */
		019D180A2BB2C32000016E8C /* LearnTest */ = {
			isa = PBXNativeTarget;
			buildConfigurationList = 019D18352BB2C32100016E8C /* Build configuration list for PBXNativeTarget "LearnTest" */;
			buildPhases = (
				019D18072BB2C32000016E8C /* Sources */,
				019D18082BB2C32000016E8C /* Frameworks */,
				019D18092BB2C32000016E8C /* Resources */,
			);
			buildRules = (
			);
			dependencies = (
			);
			name = LearnTest;
			productName = LearnTest;
			productReference = 019D180B2BB2C32000016E8C /* LearnTest.app */;
			productType = "com.apple.product-type.application";
		};
		019D18202BB2C32100016E8C /* LearnTestTests */ = {
			isa = PBXNativeTarget;
			buildConfigurationList = 019D18382BB2C32100016E8C /* Build configuration list for PBXNativeTarget "LearnTestTests" */;
			buildPhases = (
				019D181D2BB2C32100016E8C /* Sources */,
				019D181E2BB2C32100016E8C /* Frameworks */,
				019D181F2BB2C32100016E8C /* Resources */,
			);
			buildRules = (
			);
			dependencies = (
				019D18232BB2C32100016E8C /* PBXTargetDependency */,
			);
			name = LearnTestTests;
			productName = LearnTestTests;
			productReference = 019D18212BB2C32100016E8C /* LearnTestTests.xctest */;
			productType = "com.apple.product-type.bundle.unit-test";
		};
		019D182A2BB2C32100016E8C /* LearnTestUITests */ = {
			isa = PBXNativeTarget;
			buildConfigurationList = 019D183B2BB2C32100016E8C /* Build configuration list for PBXNativeTarget "LearnTestUITests" */;
			buildPhases = (
				019D18272BB2C32100016E8C /* Sources */,
				019D18282BB2C32100016E8C /* Frameworks */,
				019D18292BB2C32100016E8C /* Resources */,
			);
			buildRules = (
			);
			dependencies = (
				019D182D2BB2C32100016E8C /* PBXTargetDependency */,
			);
			name = LearnTestUITests;
			productName = LearnTestUITests;
			productReference = 019D182B2BB2C32100016E8C /* LearnTestUITests.xctest */;
			productType = "com.apple.product-type.bundle.ui-testing";
		};
/* End PBXNativeTarget section */

/* Begin PBXProject section */
		019D18032BB2C32000016E8C /* Project object */ = {
			isa = PBXProject;
			attributes = {
				BuildIndependentTargetsInParallel = 1;
				LastSwiftUpdateCheck = 1530;
				LastUpgradeCheck = 1530;
				TargetAttributes = {
					019D180A2BB2C32000016E8C = {
						CreatedOnToolsVersion = 15.3;
					};
					019D18202BB2C32100016E8C = {
						CreatedOnToolsVersion = 15.3;
						TestTargetID = 019D180A2BB2C32000016E8C;
					};
					019D182A2BB2C32100016E8C = {
						CreatedOnToolsVersion = 15.3;
						TestTargetID = 019D180A2BB2C32000016E8C;
					};
				};
			};
			buildConfigurationList = 019D18062BB2C32000016E8C /* Build configuration list for PBXProject "LearnTest" */;
			compatibilityVersion = "Xcode 14.0";
			developmentRegion = en;
			hasScannedForEncodings = 0;
			knownRegions = (
				en,
				Base,
			);
			mainGroup = 019D18022BB2C32000016E8C;
			productRefGroup = 019D180C2BB2C32000016E8C /* Products */;
			projectDirPath = "";
			projectRoot = "";
			targets = (
				019D180A2BB2C32000016E8C /* LearnTest */,
				019D18202BB2C32100016E8C /* LearnTestTests */,
				019D182A2BB2C32100016E8C /* LearnTestUITests */,
			);
		};
/* End PBXProject section */

/* Begin PBXResourcesBuildPhase section */
		019D18092BB2C32000016E8C /* Resources */ = {
			isa = PBXResourcesBuildPhase;
			buildActionMask = 2147483647;
			files = (
				014BB5D52BEE148E004CF9AC /* XiBBViewController.xib in Resources */,
				019D18182BB2C32100016E8C /* Assets.xcassets in Resources */,
				019D181B2BB2C32100016E8C /* Base in Resources */,
				013D5F452BECD3E600464E81 /* LoadingStoryboard.storyboard in Resources */,
				019D18162BB2C32000016E8C /* Base in Resources */,
			);
			runOnlyForDeploymentPostprocessing = 0;
		};
		019D181F2BB2C32100016E8C /* Resources */ = {
			isa = PBXResourcesBuildPhase;
			buildActionMask = 2147483647;
			files = (
			);
			runOnlyForDeploymentPostprocessing = 0;
		};
		019D18292BB2C32100016E8C /* Resources */ = {
			isa = PBXResourcesBuildPhase;
			buildActionMask = 2147483647;
			files = (
			);
			runOnlyForDeploymentPostprocessing = 0;
		};
/* End PBXResourcesBuildPhase section */

/* Begin PBXSourcesBuildPhase section */
		019D18072BB2C32000016E8C /* Sources */ = {
			isa = PBXSourcesBuildPhase;
			buildActionMask = 2147483647;
			files = (
				013D5F412BECC0C300464E81 /* SignupPresenterProtocol.swift in Sources */,
				015C0F8D2BCE7952008850AA /* SignupWebServiceProtocol.swift in Sources */,
				01C245882BBBF83000E9FE71 /* MockURLProtocol.swift in Sources */,
				01A60FD72BB56D2F00ED4E23 /* SignupWebService.swift in Sources */,
				013AE3E02BCD201600637712 /* SignupModelValidatorProtocol.swift in Sources */,
				019D180F2BB2C32000016E8C /* AppDelegate.swift in Sources */,
				01A2245F2BEB748F0031E582 /* SignupViewController.swift in Sources */,
				014BB5D42BEE148E004CF9AC /* XiBBViewController.swift in Sources */,
				0195FBEA2BD11E7F00AD0C7A /* SignupViewDelegategateProtocol.swift in Sources */,
				019D183F2BB2C3CC00016E8C /* SignUpFromModelValidator.swift in Sources */,
				019D18112BB2C32000016E8C /* SceneDelegate.swift in Sources */,
				01C26A0B2BC9349D00517F42 /* SignupPresenter.swift in Sources */,
				013D5F472BECD40F00464E81 /* LoadingViewController.swift in Sources */,
				01A60FD92BB56EB500ED4E23 /* SignupModel.swift in Sources */,
				014BB5DE2BEE193C004CF9AC /* LoginValidator.swift in Sources */,
				014BB5D92BEE169B004CF9AC /* HomepageViewController.swift in Sources */,
			);
			runOnlyForDeploymentPostprocessing = 0;
		};
		019D181D2BB2C32100016E8C /* Sources */ = {
			isa = PBXSourcesBuildPhase;
			buildActionMask = 2147483647;
			files = (
				013D5F3F2BECBEAE00464E81 /* MockSignupPresenter.swift in Sources */,
				01B27D442BF747F000683DCA /* TestingUITextFieldProperties.swift in Sources */,
				013AE3E82BCD303700637712 /* MockSignupWebService.swift in Sources */,
				013D5F4A2BECD47C00464E81 /* LoadingViewControllerInUnitTestTests.swift in Sources */,
				01A60FD52BB56C6300ED4E23 /* SignupWebServiceTests.swift in Sources */,
				01A2245D2BEB727F0031E582 /* SignupViewControllerTests.swift in Sources */,
				019D18412BB2C4B200016E8C /* SignUpFromModelValidatorTests.swift in Sources */,
				014BB5D72BEE1509004CF9AC /* WithXIBViewControllerInUnitTestTests.swift in Sources */,
				014BB5E12BEE1B64004CF9AC /* LoginWithThrowErrorUnitTestTests.swift in Sources */,
				01C26A062BC92FE800517F42 /* SignupPresenterTests.swift in Sources */,
				01C26A0E2BC9367400517F42 /* MockSignupModelValidator.swift in Sources */,
				019D18262BB2C32100016E8C /* LearnTestTests.swift in Sources */,
				014BB5DB2BEE1741004CF9AC /* HomePageControllerInUnitTestTests.swift in Sources */,
				0195FBE82BD11C6D00AD0C7A /* MockSignupViewDelegate.swift in Sources */,
			);
			runOnlyForDeploymentPostprocessing = 0;
		};
		019D18272BB2C32100016E8C /* Sources */ = {
			isa = PBXSourcesBuildPhase;
			buildActionMask = 2147483647;
			files = (
				019D18302BB2C32100016E8C /* LearnTestUITests.swift in Sources */,
				019D18322BB2C32100016E8C /* LearnTestUITestsLaunchTests.swift in Sources */,
			);
			runOnlyForDeploymentPostprocessing = 0;
		};
/* End PBXSourcesBuildPhase section */

/* Begin PBXTargetDependency section */
		019D18232BB2C32100016E8C /* PBXTargetDependency */ = {
			isa = PBXTargetDependency;
			target = 019D180A2BB2C32000016E8C /* LearnTest */;
			targetProxy = 019D18222BB2C32100016E8C /* PBXContainerItemProxy */;
		};
		019D182D2BB2C32100016E8C /* PBXTargetDependency */ = {
			isa = PBXTargetDependency;
			target = 019D180A2BB2C32000016E8C /* LearnTest */;
			targetProxy = 019D182C2BB2C32100016E8C /* PBXContainerItemProxy */;
		};
/* End PBXTargetDependency section */

/* Begin PBXVariantGroup section */
		019D18142BB2C32000016E8C /* Main.storyboard */ = {
			isa = PBXVariantGroup;
			children = (
				019D18152BB2C32000016E8C /* Base */,
			);
			name = Main.storyboard;
			sourceTree = "<group>";
		};
		019D18192BB2C32100016E8C /* LaunchScreen.storyboard */ = {
			isa = PBXVariantGroup;
			children = (
				019D181A2BB2C32100016E8C /* Base */,
			);
			name = LaunchScreen.storyboard;
			sourceTree = "<group>";
		};
/* End PBXVariantGroup section */

/* Begin XCBuildConfiguration section */
		019D18332BB2C32100016E8C /* Debug */ = {
			isa = XCBuildConfiguration;
			buildSettings = {
				ALWAYS_SEARCH_USER_PATHS = NO;
				ASSETCATALOG_COMPILER_GENERATE_SWIFT_ASSET_SYMBOL_EXTENSIONS = YES;
				CLANG_ANALYZER_NONNULL = YES;
				CLANG_ANALYZER_NUMBER_OBJECT_CONVERSION = YES_AGGRESSIVE;
				CLANG_CXX_LANGUAGE_STANDARD = "gnu++20";
				CLANG_ENABLE_MODULES = YES;
				CLANG_ENABLE_OBJC_ARC = YES;
				CLANG_ENABLE_OBJC_WEAK = YES;
				CLANG_WARN_BLOCK_CAPTURE_AUTORELEASING = YES;
				CLANG_WARN_BOOL_CONVERSION = YES;
				CLANG_WARN_COMMA = YES;
				CLANG_WARN_CONSTANT_CONVERSION = YES;
				CLANG_WARN_DEPRECATED_OBJC_IMPLEMENTATIONS = YES;
				CLANG_WARN_DIRECT_OBJC_ISA_USAGE = YES_ERROR;
				CLANG_WARN_DOCUMENTATION_COMMENTS = YES;
				CLANG_WARN_EMPTY_BODY = YES;
				CLANG_WARN_ENUM_CONVERSION = YES;
				CLANG_WARN_INFINITE_RECURSION = YES;
				CLANG_WARN_INT_CONVERSION = YES;
				CLANG_WARN_NON_LITERAL_NULL_CONVERSION = YES;
				CLANG_WARN_OBJC_IMPLICIT_RETAIN_SELF = YES;
				CLANG_WARN_OBJC_LITERAL_CONVERSION = YES;
				CLANG_WARN_OBJC_ROOT_CLASS = YES_ERROR;
				CLANG_WARN_QUOTED_INCLUDE_IN_FRAMEWORK_HEADER = YES;
				CLANG_WARN_RANGE_LOOP_ANALYSIS = YES;
				CLANG_WARN_STRICT_PROTOTYPES = YES;
				CLANG_WARN_SUSPICIOUS_MOVE = YES;
				CLANG_WARN_UNGUARDED_AVAILABILITY = YES_AGGRESSIVE;
				CLANG_WARN_UNREACHABLE_CODE = YES;
				CLANG_WARN__DUPLICATE_METHOD_MATCH = YES;
				COPY_PHASE_STRIP = NO;
				DEBUG_INFORMATION_FORMAT = dwarf;
				ENABLE_STRICT_OBJC_MSGSEND = YES;
				ENABLE_TESTABILITY = YES;
				ENABLE_USER_SCRIPT_SANDBOXING = YES;
				GCC_C_LANGUAGE_STANDARD = gnu17;
				GCC_DYNAMIC_NO_PIC = NO;
				GCC_NO_COMMON_BLOCKS = YES;
				GCC_OPTIMIZATION_LEVEL = 0;
				GCC_PREPROCESSOR_DEFINITIONS = (
					"DEBUG=1",
					"$(inherited)",
				);
				GCC_WARN_64_TO_32_BIT_CONVERSION = YES;
				GCC_WARN_ABOUT_RETURN_TYPE = YES_ERROR;
				GCC_WARN_UNDECLARED_SELECTOR = YES;
				GCC_WARN_UNINITIALIZED_AUTOS = YES_AGGRESSIVE;
				GCC_WARN_UNUSED_FUNCTION = YES;
				GCC_WARN_UNUSED_VARIABLE = YES;
				IPHONEOS_DEPLOYMENT_TARGET = 17.4;
				LOCALIZATION_PREFERS_STRING_CATALOGS = YES;
				MTL_ENABLE_DEBUG_INFO = INCLUDE_SOURCE;
				MTL_FAST_MATH = YES;
				ONLY_ACTIVE_ARCH = YES;
				SDKROOT = iphoneos;
				SWIFT_ACTIVE_COMPILATION_CONDITIONS = "DEBUG $(inherited)";
				SWIFT_OPTIMIZATION_LEVEL = "-Onone";
			};
			name = Debug;
		};
		019D18342BB2C32100016E8C /* Release */ = {
			isa = XCBuildConfiguration;
			buildSettings = {
				ALWAYS_SEARCH_USER_PATHS = NO;
				ASSETCATALOG_COMPILER_GENERATE_SWIFT_ASSET_SYMBOL_EXTENSIONS = YES;
				CLANG_ANALYZER_NONNULL = YES;
				CLANG_ANALYZER_NUMBER_OBJECT_CONVERSION = YES_AGGRESSIVE;
				CLANG_CXX_LANGUAGE_STANDARD = "gnu++20";
				CLANG_ENABLE_MODULES = YES;
				CLANG_ENABLE_OBJC_ARC = YES;
				CLANG_ENABLE_OBJC_WEAK = YES;
				CLANG_WARN_BLOCK_CAPTURE_AUTORELEASING = YES;
				CLANG_WARN_BOOL_CONVERSION = YES;
				CLANG_WARN_COMMA = YES;
				CLANG_WARN_CONSTANT_CONVERSION = YES;
				CLANG_WARN_DEPRECATED_OBJC_IMPLEMENTATIONS = YES;
				CLANG_WARN_DIRECT_OBJC_ISA_USAGE = YES_ERROR;
				CLANG_WARN_DOCUMENTATION_COMMENTS = YES;
				CLANG_WARN_EMPTY_BODY = YES;
				CLANG_WARN_ENUM_CONVERSION = YES;
				CLANG_WARN_INFINITE_RECURSION = YES;
				CLANG_WARN_INT_CONVERSION = YES;
				CLANG_WARN_NON_LITERAL_NULL_CONVERSION = YES;
				CLANG_WARN_OBJC_IMPLICIT_RETAIN_SELF = YES;
				CLANG_WARN_OBJC_LITERAL_CONVERSION = YES;
				CLANG_WARN_OBJC_ROOT_CLASS = YES_ERROR;
				CLANG_WARN_QUOTED_INCLUDE_IN_FRAMEWORK_HEADER = YES;
				CLANG_WARN_RANGE_LOOP_ANALYSIS = YES;
				CLANG_WARN_STRICT_PROTOTYPES = YES;
				CLANG_WARN_SUSPICIOUS_MOVE = YES;
				CLANG_WARN_UNGUARDED_AVAILABILITY = YES_AGGRESSIVE;
				CLANG_WARN_UNREACHABLE_CODE = YES;
				CLANG_WARN__DUPLICATE_METHOD_MATCH = YES;
				COPY_PHASE_STRIP = NO;
				DEBUG_INFORMATION_FORMAT = "dwarf-with-dsym";
				ENABLE_NS_ASSERTIONS = NO;
				ENABLE_STRICT_OBJC_MSGSEND = YES;
				ENABLE_USER_SCRIPT_SANDBOXING = YES;
				GCC_C_LANGUAGE_STANDARD = gnu17;
				GCC_NO_COMMON_BLOCKS = YES;
				GCC_WARN_64_TO_32_BIT_CONVERSION = YES;
				GCC_WARN_ABOUT_RETURN_TYPE = YES_ERROR;
				GCC_WARN_UNDECLARED_SELECTOR = YES;
				GCC_WARN_UNINITIALIZED_AUTOS = YES_AGGRESSIVE;
				GCC_WARN_UNUSED_FUNCTION = YES;
				GCC_WARN_UNUSED_VARIABLE = YES;
				IPHONEOS_DEPLOYMENT_TARGET = 17.4;
				LOCALIZATION_PREFERS_STRING_CATALOGS = YES;
				MTL_ENABLE_DEBUG_INFO = NO;
				MTL_FAST_MATH = YES;
				SDKROOT = iphoneos;
				SWIFT_COMPILATION_MODE = wholemodule;
				VALIDATE_PRODUCT = YES;
			};
			name = Release;
		};
		019D18362BB2C32100016E8C /* Debug */ = {
			isa = XCBuildConfiguration;
			buildSettings = {
				ASSETCATALOG_COMPILER_APPICON_NAME = AppIcon;
				ASSETCATALOG_COMPILER_GLOBAL_ACCENT_COLOR_NAME = AccentColor;
				CODE_SIGN_STYLE = Automatic;
				CURRENT_PROJECT_VERSION = 1;
				DEVELOPMENT_TEAM = MYF5ZWZD33;
				GENERATE_INFOPLIST_FILE = YES;
				INFOPLIST_FILE = LearnTest/Info.plist;
				INFOPLIST_KEY_UIApplicationSupportsIndirectInputEvents = YES;
				INFOPLIST_KEY_UILaunchStoryboardName = LaunchScreen;
				INFOPLIST_KEY_UIMainStoryboardFile = Main;
				INFOPLIST_KEY_UISupportedInterfaceOrientations_iPad = "UIInterfaceOrientationPortrait UIInterfaceOrientationPortraitUpsideDown UIInterfaceOrientationLandscapeLeft UIInterfaceOrientationLandscapeRight";
				INFOPLIST_KEY_UISupportedInterfaceOrientations_iPhone = "UIInterfaceOrientationPortrait UIInterfaceOrientationLandscapeLeft UIInterfaceOrientationLandscapeRight";
				IPHONEOS_DEPLOYMENT_TARGET = 17.0;
				LD_RUNPATH_SEARCH_PATHS = (
					"$(inherited)",
					"@executable_path/Frameworks",
				);
				MARKETING_VERSION = 1.0;
				PRODUCT_BUNDLE_IDENTIFIER = com.solidyear.LearnTest;
				PRODUCT_NAME = "$(TARGET_NAME)";
				SWIFT_EMIT_LOC_STRINGS = YES;
				SWIFT_VERSION = 5.0;
				TARGETED_DEVICE_FAMILY = "1,2";
			};
			name = Debug;
		};
		019D18372BB2C32100016E8C /* Release */ = {
			isa = XCBuildConfiguration;
			buildSettings = {
				ASSETCATALOG_COMPILER_APPICON_NAME = AppIcon;
				ASSETCATALOG_COMPILER_GLOBAL_ACCENT_COLOR_NAME = AccentColor;
				CODE_SIGN_STYLE = Automatic;
				CURRENT_PROJECT_VERSION = 1;
				DEVELOPMENT_TEAM = MYF5ZWZD33;
				GENERATE_INFOPLIST_FILE = YES;
				INFOPLIST_FILE = LearnTest/Info.plist;
				INFOPLIST_KEY_UIApplicationSupportsIndirectInputEvents = YES;
				INFOPLIST_KEY_UILaunchStoryboardName = LaunchScreen;
				INFOPLIST_KEY_UIMainStoryboardFile = Main;
				INFOPLIST_KEY_UISupportedInterfaceOrientations_iPad = "UIInterfaceOrientationPortrait UIInterfaceOrientationPortraitUpsideDown UIInterfaceOrientationLandscapeLeft UIInterfaceOrientationLandscapeRight";
				INFOPLIST_KEY_UISupportedInterfaceOrientations_iPhone = "UIInterfaceOrientationPortrait UIInterfaceOrientationLandscapeLeft UIInterfaceOrientationLandscapeRight";
				IPHONEOS_DEPLOYMENT_TARGET = 17.0;
				LD_RUNPATH_SEARCH_PATHS = (
					"$(inherited)",
					"@executable_path/Frameworks",
				);
				MARKETING_VERSION = 1.0;
				PRODUCT_BUNDLE_IDENTIFIER = com.solidyear.LearnTest;
				PRODUCT_NAME = "$(TARGET_NAME)";
				SWIFT_EMIT_LOC_STRINGS = YES;
				SWIFT_VERSION = 5.0;
				TARGETED_DEVICE_FAMILY = "1,2";
			};
			name = Release;
		};
		019D18392BB2C32100016E8C /* Debug */ = {
			isa = XCBuildConfiguration;
			buildSettings = {
				ALWAYS_EMBED_SWIFT_STANDARD_LIBRARIES = YES;
				BUNDLE_LOADER = "$(TEST_HOST)";
				CODE_SIGN_STYLE = Automatic;
				CURRENT_PROJECT_VERSION = 1;
				DEVELOPMENT_TEAM = MYF5ZWZD33;
				GENERATE_INFOPLIST_FILE = YES;
				IPHONEOS_DEPLOYMENT_TARGET = 17.0;
				MARKETING_VERSION = 1.0;
				PRODUCT_BUNDLE_IDENTIFIER = com.solidyear.LearnTestTests;
				PRODUCT_NAME = "$(TARGET_NAME)";
				SWIFT_EMIT_LOC_STRINGS = NO;
				SWIFT_VERSION = 5.0;
				TARGETED_DEVICE_FAMILY = "1,2";
				TEST_HOST = "$(BUILT_PRODUCTS_DIR)/LearnTest.app/$(BUNDLE_EXECUTABLE_FOLDER_PATH)/LearnTest";
			};
			name = Debug;
		};
		019D183A2BB2C32100016E8C /* Release */ = {
			isa = XCBuildConfiguration;
			buildSettings = {
				ALWAYS_EMBED_SWIFT_STANDARD_LIBRARIES = YES;
				BUNDLE_LOADER = "$(TEST_HOST)";
				CODE_SIGN_STYLE = Automatic;
				CURRENT_PROJECT_VERSION = 1;
				DEVELOPMENT_TEAM = MYF5ZWZD33;
				GENERATE_INFOPLIST_FILE = YES;
				IPHONEOS_DEPLOYMENT_TARGET = 17.0;
				MARKETING_VERSION = 1.0;
				PRODUCT_BUNDLE_IDENTIFIER = com.solidyear.LearnTestTests;
				PRODUCT_NAME = "$(TARGET_NAME)";
				SWIFT_EMIT_LOC_STRINGS = NO;
				SWIFT_VERSION = 5.0;
				TARGETED_DEVICE_FAMILY = "1,2";
				TEST_HOST = "$(BUILT_PRODUCTS_DIR)/LearnTest.app/$(BUNDLE_EXECUTABLE_FOLDER_PATH)/LearnTest";
			};
			name = Release;
		};
		019D183C2BB2C32100016E8C /* Debug */ = {
			isa = XCBuildConfiguration;
			buildSettings = {
				ALWAYS_EMBED_SWIFT_STANDARD_LIBRARIES = YES;
				CODE_SIGN_STYLE = Automatic;
				CURRENT_PROJECT_VERSION = 1;
				DEVELOPMENT_TEAM = MYF5ZWZD33;
				GENERATE_INFOPLIST_FILE = YES;
				IPHONEOS_DEPLOYMENT_TARGET = 17.0;
				MARKETING_VERSION = 1.0;
				PRODUCT_BUNDLE_IDENTIFIER = com.solidyear.LearnTestUITests;
				PRODUCT_NAME = "$(TARGET_NAME)";
				SWIFT_EMIT_LOC_STRINGS = NO;
				SWIFT_VERSION = 5.0;
				TARGETED_DEVICE_FAMILY = "1,2";
				TEST_TARGET_NAME = LearnTest;
			};
			name = Debug;
		};
		019D183D2BB2C32100016E8C /* Release */ = {
			isa = XCBuildConfiguration;
			buildSettings = {
				ALWAYS_EMBED_SWIFT_STANDARD_LIBRARIES = YES;
				CODE_SIGN_STYLE = Automatic;
				CURRENT_PROJECT_VERSION = 1;
				DEVELOPMENT_TEAM = MYF5ZWZD33;
				GENERATE_INFOPLIST_FILE = YES;
				IPHONEOS_DEPLOYMENT_TARGET = 17.0;
				MARKETING_VERSION = 1.0;
				PRODUCT_BUNDLE_IDENTIFIER = com.solidyear.LearnTestUITests;
				PRODUCT_NAME = "$(TARGET_NAME)";
				SWIFT_EMIT_LOC_STRINGS = NO;
				SWIFT_VERSION = 5.0;
				TARGETED_DEVICE_FAMILY = "1,2";
				TEST_TARGET_NAME = LearnTest;
			};
			name = Release;
		};
/* End XCBuildConfiguration section */

/* Begin XCConfigurationList section */
		019D18062BB2C32000016E8C /* Build configuration list for PBXProject "LearnTest" */ = {
			isa = XCConfigurationList;
			buildConfigurations = (
				019D18332BB2C32100016E8C /* Debug */,
				019D18342BB2C32100016E8C /* Release */,
			);
			defaultConfigurationIsVisible = 0;
			defaultConfigurationName = Release;
		};
		019D18352BB2C32100016E8C /* Build configuration list for PBXNativeTarget "LearnTest" */ = {
			isa = XCConfigurationList;
			buildConfigurations = (
				019D18362BB2C32100016E8C /* Debug */,
				019D18372BB2C32100016E8C /* Release */,
			);
			defaultConfigurationIsVisible = 0;
			defaultConfigurationName = Release;
		};
		019D18382BB2C32100016E8C /* Build configuration list for PBXNativeTarget "LearnTestTests" */ = {
			isa = XCConfigurationList;
			buildConfigurations = (
				019D18392BB2C32100016E8C /* Debug */,
				019D183A2BB2C32100016E8C /* Release */,
			);
			defaultConfigurationIsVisible = 0;
			defaultConfigurationName = Release;
		};
		019D183B2BB2C32100016E8C /* Build configuration list for PBXNativeTarget "LearnTestUITests" */ = {
			isa = XCConfigurationList;
			buildConfigurations = (
				019D183C2BB2C32100016E8C /* Debug */,
				019D183D2BB2C32100016E8C /* Release */,
			);
			defaultConfigurationIsVisible = 0;
			defaultConfigurationName = Release;
		};
/* End XCConfigurationList section */
	};
	rootObject = 019D18032BB2C32000016E8C /* Project object */;
}
